
Microsoft Visual Studio Solution File, Format Version 12.00
# Visual Studio Version 17
VisualStudioVersion = 17.5.002.0
MinimumVisualStudioVersion = 10.0.40219.1
Project("{9A19103F-16F7-4668-BE54-9A1E7A4F7556}") = "GitProject", "GitProject.csproj", "{0FA616AD-DFF6-4A38-88A2-FE58F35FEA51}"
EndProject
Global
	GlobalSection(SolutionConfigurationPlatforms) = preSolution
		Debug|Any CPU = Debug|Any CPU
		Release|Any CPU = Release|Any CPU
	EndGlobalSection
	GlobalSection(ProjectConfigurationPlatforms) = postSolution
		{0FA616AD-DFF6-4A38-88A2-FE58F35FEA51}.Debug|Any CPU.ActiveCfg = Debug|Any CPU
		{0FA616AD-DFF6-4A38-88A2-FE58F35FEA51}.Debug|Any CPU.Build.0 = Debug|Any CPU
		{0FA616AD-DFF6-4A38-88A2-FE58F35FEA51}.Release|Any CPU.ActiveCfg = Release|Any CPU
		{0FA616AD-DFF6-4A38-88A2-FE58F35FEA51}.Release|Any CPU.Build.0 = Release|Any CPU
	EndGlobalSection
	GlobalSection(SolutionProperties) = preSolution
		HideSolutionNode = FALSE
	EndGlobalSection
	GlobalSection(ExtensibilityGlobals) = postSolution
		SolutionGuid = {6EFFFD1E-3C3C-4D8B-8A7A-B46B1E4EE89B}
	EndGlobalSection
EndGlobal
